
Microsoft Visual Studio Solution File, Format Version 12.00
# Visual Studio Version 16
VisualStudioVersion = 16.0.30711.63
MinimumVisualStudioVersion = 10.0.40219.1
Project("{9A19103F-16F7-4668-BE54-9A1E7A4F7556}") = "BikeRental", "BikeRental\BikeRental.csproj", "{10D28AE5-7580-406B-8263-97E777DC624E}"
EndProject
Global
	GlobalSection(SolutionConfigurationPlatforms) = preSolution
		Debug|Any CPU = Debug|Any CPU
		Release|Any CPU = Release|Any CPU
	EndGlobalSection
	GlobalSection(ProjectConfigurationPlatforms) = postSolution
		{10D28AE5-7580-406B-8263-97E777DC624E}.Debug|Any CPU.ActiveCfg = Debug|Any CPU
		{10D28AE5-7580-406B-8263-97E777DC624E}.Debug|Any CPU.Build.0 = Debug|Any CPU
		{10D28AE5-7580-406B-8263-97E777DC624E}.Release|Any CPU.ActiveCfg = Release|Any CPU
		{10D28AE5-7580-406B-8263-97E777DC624E}.Release|Any CPU.Build.0 = Release|Any CPU
	EndGlobalSection
	GlobalSection(SolutionProperties) = preSolution
		HideSolutionNode = FALSE
	EndGlobalSection
	GlobalSection(ExtensibilityGlobals) = postSolution
		SolutionGuid = {5EF94264-A90D-45B1-BE7D-C301EAFE7F95}
	EndGlobalSection
EndGlobal
